
Microsoft Visual Studio Solution File, Format Version 12.00
# Visual Studio Version 17
VisualStudioVersion = 17.0.31903.59
MinimumVisualStudioVersion = 10.0.40219.1
Project("{FAE04EC0-301F-11D3-BF4B-00C04F79EFBC}") = "SmtOrderManager.Domain", "SmtOrderManager.Domain\SmtOrderManager.Domain.csproj", "{A50C182B-498D-495A-963A-CEF30CC3B9B6}"
EndProject
Project("{FAE04EC0-301F-11D3-BF4B-00C04F79EFBC}") = "SmtOrderManager.Application", "SmtOrderManager.Application\SmtOrderManager.Application.csproj", "{CA348FCC-11CC-4479-B8BD-F70DF1B14BCD}"
EndProject
Project("{FAE04EC0-301F-11D3-BF4B-00C04F79EFBC}") = "SmtOrderManager.Infrastructure", "SmtOrderManager.Infrastructure\SmtOrderManager.Infrastructure.csproj", "{9760B3F1-486D-4A35-A9CC-3AF1C275A432}"
EndProject
Project("{FAE04EC0-301F-11D3-BF4B-00C04F79EFBC}") = "SmtOrderManager.Api", "SmtOrderManager.Api\SmtOrderManager.Api.csproj", "{2AADA032-EA6D-4499-AF84-F547B7D635EF}"
EndProject
Project("{2150E333-8FDC-42A3-9474-1A3956D46DE8}") = "Solution Items", "Solution Items", "{02EA681E-C7D8-13C7-8484-4AC65E1B71E8}"
	ProjectSection(SolutionItems) = preProject
		.editorconfig = .editorconfig
		.gitignore = .gitignore
		..\..\..\Downloads\Clean Architecture Diagram.png = ..\..\..\Downloads\Clean Architecture Diagram.png
		docker-compose.yml = docker-compose.yml
		..\..\..\Downloads\Domain Relationship Diagram.png = ..\..\..\Downloads\Domain Relationship Diagram.png
		README.md = README.md
	EndProjectSection
EndProject
Project("{FAE04EC0-301F-11D3-BF4B-00C04F79EFBC}") = "SmtOrderManager.UnitTests", "SmtOrderManager.UnitTests\SmtOrderManager.UnitTests.csproj", "{AF92494E-6CFC-4A7D-B025-63BD7752D63E}"
EndProject
Project("{FAE04EC0-301F-11D3-BF4B-00C04F79EFBC}") = "SmtOrderManager.IntegrationTests", "SmtOrderManager.IntegrationTests\SmtOrderManager.IntegrationTests.csproj", "{425DE4D4-682D-435C-BCF3-0CAB9067A143}"
EndProject
Project("{FAE04EC0-301F-11D3-BF4B-00C04F79EFBC}") = "SmtOrderManager.Web", "SmtOrderManager.Web\SmtOrderManager.Web.csproj", "{4CB224A1-06DF-41C7-8E0C-2E644D259C37}"
EndProject
Project("{2150E333-8FDC-42A3-9474-1A3956D46DE8}") = ".github", ".github", "{80A0CACF-BADF-456A-909D-548B58C957BF}"
EndProject
Project("{2150E333-8FDC-42A3-9474-1A3956D46DE8}") = "workflows", "workflows", "{608961A5-6C7B-43D6-AB96-8405B860B589}"
	ProjectSection(SolutionItems) = preProject
		ci.yml = ci.yml
	EndProjectSection
EndProject
Global
	GlobalSection(SolutionConfigurationPlatforms) = preSolution
		Debug|Any CPU = Debug|Any CPU
		Debug|x64 = Debug|x64
		Debug|x86 = Debug|x86
		Release|Any CPU = Release|Any CPU
		Release|x64 = Release|x64
		Release|x86 = Release|x86
	EndGlobalSection
	GlobalSection(ProjectConfigurationPlatforms) = postSolution
		{A50C182B-498D-495A-963A-CEF30CC3B9B6}.Debug|Any CPU.ActiveCfg = Debug|Any CPU
		{A50C182B-498D-495A-963A-CEF30CC3B9B6}.Debug|Any CPU.Build.0 = Debug|Any CPU
		{A50C182B-498D-495A-963A-CEF30CC3B9B6}.Debug|x64.ActiveCfg = Debug|Any CPU
		{A50C182B-498D-495A-963A-CEF30CC3B9B6}.Debug|x64.Build.0 = Debug|Any CPU
		{A50C182B-498D-495A-963A-CEF30CC3B9B6}.Debug|x86.ActiveCfg = Debug|Any CPU
		{A50C182B-498D-495A-963A-CEF30CC3B9B6}.Debug|x86.Build.0 = Debug|Any CPU
		{A50C182B-498D-495A-963A-CEF30CC3B9B6}.Release|Any CPU.ActiveCfg = Release|Any CPU
		{A50C182B-498D-495A-963A-CEF30CC3B9B6}.Release|Any CPU.Build.0 = Release|Any CPU
		{A50C182B-498D-495A-963A-CEF30CC3B9B6}.Release|x64.ActiveCfg = Release|Any CPU
		{A50C182B-498D-495A-963A-CEF30CC3B9B6}.Release|x64.Build.0 = Release|Any CPU
		{A50C182B-498D-495A-963A-CEF30CC3B9B6}.Release|x86.ActiveCfg = Release|Any CPU
		{A50C182B-498D-495A-963A-CEF30CC3B9B6}.Release|x86.Build.0 = Release|Any CPU
		{CA348FCC-11CC-4479-B8BD-F70DF1B14BCD}.Debug|Any CPU.ActiveCfg = Debug|Any CPU
		{CA348FCC-11CC-4479-B8BD-F70DF1B14BCD}.Debug|Any CPU.Build.0 = Debug|Any CPU
		{CA348FCC-11CC-4479-B8BD-F70DF1B14BCD}.Debug|x64.ActiveCfg = Debug|Any CPU
		{CA348FCC-11CC-4479-B8BD-F70DF1B14BCD}.Debug|x64.Build.0 = Debug|Any CPU
		{CA348FCC-11CC-4479-B8BD-F70DF1B14BCD}.Debug|x86.ActiveCfg = Debug|Any CPU
		{CA348FCC-11CC-4479-B8BD-F70DF1B14BCD}.Debug|x86.Build.0 = Debug|Any CPU
		{CA348FCC-11CC-4479-B8BD-F70DF1B14BCD}.Release|Any CPU.ActiveCfg = Release|Any CPU
		{CA348FCC-11CC-4479-B8BD-F70DF1B14BCD}.Release|Any CPU.Build.0 = Release|Any CPU
		{CA348FCC-11CC-4479-B8BD-F70DF1B14BCD}.Release|x64.ActiveCfg = Release|Any CPU
		{CA348FCC-11CC-4479-B8BD-F70DF1B14BCD}.Release|x64.Build.0 = Release|Any CPU
		{CA348FCC-11CC-4479-B8BD-F70DF1B14BCD}.Release|x86.ActiveCfg = Release|Any CPU
		{CA348FCC-11CC-4479-B8BD-F70DF1B14BCD}.Release|x86.Build.0 = Release|Any CPU
		{9760B3F1-486D-4A35-A9CC-3AF1C275A432}.Debug|Any CPU.ActiveCfg = Debug|Any CPU
		{9760B3F1-486D-4A35-A9CC-3AF1C275A432}.Debug|Any CPU.Build.0 = Debug|Any CPU
		{9760B3F1-486D-4A35-A9CC-3AF1C275A432}.Debug|x64.ActiveCfg = Debug|Any CPU
		{9760B3F1-486D-4A35-A9CC-3AF1C275A432}.Debug|x64.Build.0 = Debug|Any CPU
		{9760B3F1-486D-4A35-A9CC-3AF1C275A432}.Debug|x86.ActiveCfg = Debug|Any CPU
		{9760B3F1-486D-4A35-A9CC-3AF1C275A432}.Debug|x86.Build.0 = Debug|Any CPU
		{9760B3F1-486D-4A35-A9CC-3AF1C275A432}.Release|Any CPU.ActiveCfg = Release|Any CPU
		{9760B3F1-486D-4A35-A9CC-3AF1C275A432}.Release|Any CPU.Build.0 = Release|Any CPU
		{9760B3F1-486D-4A35-A9CC-3AF1C275A432}.Release|x64.ActiveCfg = Release|Any CPU
		{9760B3F1-486D-4A35-A9CC-3AF1C275A432}.Release|x64.Build.0 = Release|Any CPU
		{9760B3F1-486D-4A35-A9CC-3AF1C275A432}.Release|x86.ActiveCfg = Release|Any CPU
		{9760B3F1-486D-4A35-A9CC-3AF1C275A432}.Release|x86.Build.0 = Release|Any CPU
		{2AADA032-EA6D-4499-AF84-F547B7D635EF}.Debug|Any CPU.ActiveCfg = Debug|Any CPU
		{2AADA032-EA6D-4499-AF84-F547B7D635EF}.Debug|Any CPU.Build.0 = Debug|Any CPU
		{2AADA032-EA6D-4499-AF84-F547B7D635EF}.Debug|x64.ActiveCfg = Debug|Any CPU
		{2AADA032-EA6D-4499-AF84-F547B7D635EF}.Debug|x64.Build.0 = Debug|Any CPU
		{2AADA032-EA6D-4499-AF84-F547B7D635EF}.Debug|x86.ActiveCfg = Debug|Any CPU
		{2AADA032-EA6D-4499-AF84-F547B7D635EF}.Debug|x86.Build.0 = Debug|Any CPU
		{2AADA032-EA6D-4499-AF84-F547B7D635EF}.Release|Any CPU.ActiveCfg = Release|Any CPU
		{2AADA032-EA6D-4499-AF84-F547B7D635EF}.Release|Any CPU.Build.0 = Release|Any CPU
		{2AADA032-EA6D-4499-AF84-F547B7D635EF}.Release|x64.ActiveCfg = Release|Any CPU
		{2AADA032-EA6D-4499-AF84-F547B7D635EF}.Release|x64.Build.0 = Release|Any CPU
		{2AADA032-EA6D-4499-AF84-F547B7D635EF}.Release|x86.ActiveCfg = Release|Any CPU
		{2AADA032-EA6D-4499-AF84-F547B7D635EF}.Release|x86.Build.0 = Release|Any CPU
		{AF92494E-6CFC-4A7D-B025-63BD7752D63E}.Debug|Any CPU.ActiveCfg = Debug|Any CPU
		{AF92494E-6CFC-4A7D-B025-63BD7752D63E}.Debug|Any CPU.Build.0 = Debug|Any CPU
		{AF92494E-6CFC-4A7D-B025-63BD7752D63E}.Debug|x64.ActiveCfg = Debug|Any CPU
		{AF92494E-6CFC-4A7D-B025-63BD7752D63E}.Debug|x64.Build.0 = Debug|Any CPU
		{AF92494E-6CFC-4A7D-B025-63BD7752D63E}.Debug|x86.ActiveCfg = Debug|Any CPU
		{AF92494E-6CFC-4A7D-B025-63BD7752D63E}.Debug|x86.Build.0 = Debug|Any CPU
		{AF92494E-6CFC-4A7D-B025-63BD7752D63E}.Release|Any CPU.ActiveCfg = Release|Any CPU
		{AF92494E-6CFC-4A7D-B025-63BD7752D63E}.Release|Any CPU.Build.0 = Release|Any CPU
		{AF92494E-6CFC-4A7D-B025-63BD7752D63E}.Release|x64.ActiveCfg = Release|Any CPU
		{AF92494E-6CFC-4A7D-B025-63BD7752D63E}.Release|x64.Build.0 = Release|Any CPU
		{AF92494E-6CFC-4A7D-B025-63BD7752D63E}.Release|x86.ActiveCfg = Release|Any CPU
		{AF92494E-6CFC-4A7D-B025-63BD7752D63E}.Release|x86.Build.0 = Release|Any CPU
		{425DE4D4-682D-435C-BCF3-0CAB9067A143}.Debug|Any CPU.ActiveCfg = Debug|Any CPU
		{425DE4D4-682D-435C-BCF3-0CAB9067A143}.Debug|Any CPU.Build.0 = Debug|Any CPU
		{425DE4D4-682D-435C-BCF3-0CAB9067A143}.Debug|x64.ActiveCfg = Debug|Any CPU
		{425DE4D4-682D-435C-BCF3-0CAB9067A143}.Debug|x64.Build.0 = Debug|Any CPU
		{425DE4D4-682D-435C-BCF3-0CAB9067A143}.Debug|x86.ActiveCfg = Debug|Any CPU
		{425DE4D4-682D-435C-BCF3-0CAB9067A143}.Debug|x86.Build.0 = Debug|Any CPU
		{425DE4D4-682D-435C-BCF3-0CAB9067A143}.Release|Any CPU.ActiveCfg = Release|Any CPU
		{425DE4D4-682D-435C-BCF3-0CAB9067A143}.Release|Any CPU.Build.0 = Release|Any CPU
		{425DE4D4-682D-435C-BCF3-0CAB9067A143}.Release|x64.ActiveCfg = Release|Any CPU
		{425DE4D4-682D-435C-BCF3-0CAB9067A143}.Release|x64.Build.0 = Release|Any CPU
		{425DE4D4-682D-435C-BCF3-0CAB9067A143}.Release|x86.ActiveCfg = Release|Any CPU
		{425DE4D4-682D-435C-BCF3-0CAB9067A143}.Release|x86.Build.0 = Release|Any CPU
		{4CB224A1-06DF-41C7-8E0C-2E644D259C37}.Debug|Any CPU.ActiveCfg = Debug|Any CPU
		{4CB224A1-06DF-41C7-8E0C-2E644D259C37}.Debug|Any CPU.Build.0 = Debug|Any CPU
		{4CB224A1-06DF-41C7-8E0C-2E644D259C37}.Debug|x64.ActiveCfg = Debug|Any CPU
		{4CB224A1-06DF-41C7-8E0C-2E644D259C37}.Debug|x64.Build.0 = Debug|Any CPU
		{4CB224A1-06DF-41C7-8E0C-2E644D259C37}.Debug|x86.ActiveCfg = Debug|Any CPU
		{4CB224A1-06DF-41C7-8E0C-2E644D259C37}.Debug|x86.Build.0 = Debug|Any CPU
		{4CB224A1-06DF-41C7-8E0C-2E644D259C37}.Release|Any CPU.ActiveCfg = Release|Any CPU
		{4CB224A1-06DF-41C7-8E0C-2E644D259C37}.Release|Any CPU.Build.0 = Release|Any CPU
		{4CB224A1-06DF-41C7-8E0C-2E644D259C37}.Release|x64.ActiveCfg = Release|Any CPU
		{4CB224A1-06DF-41C7-8E0C-2E644D259C37}.Release|x64.Build.0 = Release|Any CPU
		{4CB224A1-06DF-41C7-8E0C-2E644D259C37}.Release|x86.ActiveCfg = Release|Any CPU
		{4CB224A1-06DF-41C7-8E0C-2E644D259C37}.Release|x86.Build.0 = Release|Any CPU
	EndGlobalSection
	GlobalSection(SolutionProperties) = preSolution
		HideSolutionNode = FALSE
	EndGlobalSection
	GlobalSection(NestedProjects) = preSolution
		{608961A5-6C7B-43D6-AB96-8405B860B589} = {80A0CACF-BADF-456A-909D-548B58C957BF}
	EndGlobalSection
	GlobalSection(ExtensibilityGlobals) = postSolution
		SolutionGuid = {CC29D257-9C6F-4DEC-B947-D512DD5353F3}
	EndGlobalSection
EndGlobal
